
Microsoft Visual Studio Solution File, Format Version 12.00
# Visual Studio Version 16
VisualStudioVersion = 16.0.31911.196
MinimumVisualStudioVersion = 10.0.40219.1
Project("{FAE04EC0-301F-11D3-BF4B-00C04F79EFBC}") = "C ders2", "C ders2\C ders2.csproj", "{9AE9FD36-5EA7-4F0A-A64F-B8793D9F8228}"
EndProject
Global
	GlobalSection(SolutionConfigurationPlatforms) = preSolution
		Debug|Any CPU = Debug|Any CPU
		Release|Any CPU = Release|Any CPU
	EndGlobalSection
	GlobalSection(ProjectConfigurationPlatforms) = postSolution
		{9AE9FD36-5EA7-4F0A-A64F-B8793D9F8228}.Debug|Any CPU.ActiveCfg = Debug|Any CPU
		{9AE9FD36-5EA7-4F0A-A64F-B8793D9F8228}.Debug|Any CPU.Build.0 = Debug|Any CPU
		{9AE9FD36-5EA7-4F0A-A64F-B8793D9F8228}.Release|Any CPU.ActiveCfg = Release|Any CPU
		{9AE9FD36-5EA7-4F0A-A64F-B8793D9F8228}.Release|Any CPU.Build.0 = Release|Any CPU
	EndGlobalSection
	GlobalSection(SolutionProperties) = preSolution
		HideSolutionNode = FALSE
	EndGlobalSection
	GlobalSection(ExtensibilityGlobals) = postSolution
		SolutionGuid = {03DE7D97-8E26-4608-82AD-24C4ED5830C2}
	EndGlobalSection
EndGlobal
